// !$*UTF8*$!
{
	archiveVersion = 1;
	classes = {
	};
	objectVersion = 50;
	objects = {

/* Begin PBXBuildFile section */
		C92A21DF25073FF90088C2ED /* AppDelegate.swift in Sources */ = {isa = PBXBuildFile; fileRef = C92A21DE25073FF90088C2ED /* AppDelegate.swift */; };
		C92A21E325073FF90088C2ED /* CentralViewController.swift in Sources */ = {isa = PBXBuildFile; fileRef = C92A21E225073FF90088C2ED /* CentralViewController.swift */; };
		C92A21E625073FF90088C2ED /* Main.storyboard in Resources */ = {isa = PBXBuildFile; fileRef = C92A21E425073FF90088C2ED /* Main.storyboard */; };
		C92A21E825073FFC0088C2ED /* Assets.xcassets in Resources */ = {isa = PBXBuildFile; fileRef = C92A21E725073FFC0088C2ED /* Assets.xcassets */; };
		C92A21EB25073FFC0088C2ED /* LaunchScreen.storyboard in Resources */ = {isa = PBXBuildFile; fileRef = C92A21E925073FFC0088C2ED /* LaunchScreen.storyboard */; };
		C92A21F32507404F0088C2ED /* PeripheralViewController.swift in Sources */ = {isa = PBXBuildFile; fileRef = C92A21F22507404F0088C2ED /* PeripheralViewController.swift */; };
		C92A21F5250741A30088C2ED /* ViewController.swift in Sources */ = {isa = PBXBuildFile; fileRef = C92A21F4250741A30088C2ED /* ViewController.swift */; };
		C9C380B5250759E9002658D9 /* TransferService.swift in Sources */ = {isa = PBXBuildFile; fileRef = C9C380B4250759E9002658D9 /* TransferService.swift */; };
/* End PBXBuildFile section */

/* Begin PBXFileReference section */
		C92A21DB25073FF90088C2ED /* DemoBLE.app */ = {isa = PBXFileReference; explicitFileType = wrapper.application; includeInIndex = 0; path = DemoBLE.app; sourceTree = BUILT_PRODUCTS_DIR; };
		C92A21DE25073FF90088C2ED /* AppDelegate.swift */ = {isa = PBXFileReference; lastKnownFileType = sourcecode.swift; path = AppDelegate.swift; sourceTree = "<group>"; };
		C92A21E225073FF90088C2ED /* CentralViewController.swift */ = {isa = PBXFileReference; lastKnownFileType = sourcecode.swift; path = CentralViewController.swift; sourceTree = "<group>"; };
		C92A21E525073FF90088C2ED /* Base */ = {isa = PBXFileReference; lastKnownFileType = file.storyboard; name = Base; path = Base.lproj/Main.storyboard; sourceTree = "<group>"; };
		C92A21E725073FFC0088C2ED /* Assets.xcassets */ = {isa = PBXFileReference; lastKnownFileType = folder.assetcatalog; path = Assets.xcassets; sourceTree = "<group>"; };
		C92A21EA25073FFC0088C2ED /* Base */ = {isa = PBXFileReference; lastKnownFileType = file.storyboard; name = Base; path = Base.lproj/LaunchScreen.storyboard; sourceTree = "<group>"; };
		C92A21EC25073FFC0088C2ED /* Info.plist */ = {isa = PBXFileReference; lastKnownFileType = text.plist.xml; path = Info.plist; sourceTree = "<group>"; };
		C92A21F22507404F0088C2ED /* PeripheralViewController.swift */ = {isa = PBXFileReference; lastKnownFileType = sourcecode.swift; path = PeripheralViewController.swift; sourceTree = "<group>"; };
		C92A21F4250741A30088C2ED /* ViewController.swift */ = {isa = PBXFileReference; lastKnownFileType = sourcecode.swift; path = ViewController.swift; sourceTree = "<group>"; };
		C9C380B4250759E9002658D9 /* TransferService.swift */ = {isa = PBXFileReference; lastKnownFileType = sourcecode.swift; path = TransferService.swift; sourceTree = "<group>"; };
/* End PBXFileReference section */

/* Begin PBXFrameworksBuildPhase section */
		C92A21D825073FF90088C2ED /* Frameworks */ = {
			isa = PBXFrameworksBuildPhase;
			buildActionMask = 2147483647;
			files = (
			);
			runOnlyForDeploymentPostprocessing = 0;
		};
/* End PBXFrameworksBuildPhase section */

/* Begin PBXGroup section */
		C92A21D225073FF90088C2ED = {
			isa = PBXGroup;
			children = (
				C92A21DD25073FF90088C2ED /* DemoBLE */,
				C92A21DC25073FF90088C2ED /* Products */,
			);
			sourceTree = "<group>";
		};
		C92A21DC25073FF90088C2ED /* Products */ = {
			isa = PBXGroup;
			children = (
				C92A21DB25073FF90088C2ED /* DemoBLE.app */,
			);
			name = Products;
			sourceTree = "<group>";
		};
		C92A21DD25073FF90088C2ED /* DemoBLE */ = {
			isa = PBXGroup;
			children = (
				C92A21DE25073FF90088C2ED /* AppDelegate.swift */,
				C92A21F4250741A30088C2ED /* ViewController.swift */,
				C9C380B4250759E9002658D9 /* TransferService.swift */,
				C92A21E225073FF90088C2ED /* CentralViewController.swift */,
				C92A21F22507404F0088C2ED /* PeripheralViewController.swift */,
				C92A21E425073FF90088C2ED /* Main.storyboard */,
				C92A21E725073FFC0088C2ED /* Assets.xcassets */,
				C92A21E925073FFC0088C2ED /* LaunchScreen.storyboard */,
				C92A21EC25073FFC0088C2ED /* Info.plist */,
			);
			path = DemoBLE;
			sourceTree = "<group>";
		};
/* End PBXGroup section */

/* Begin PBXNativeTarget section */
		C92A21DA25073FF90088C2ED /* DemoBLE */ = {
			isa = PBXNativeTarget;
			buildConfigurationList = C92A21EF25073FFC0088C2ED /* Build configuration list for PBXNativeTarget "DemoBLE" */;
			buildPhases = (
				C92A21D725073FF90088C2ED /* Sources */,
				C92A21D825073FF90088C2ED /* Frameworks */,
				C92A21D925073FF90088C2ED /* Resources */,
			);
			buildRules = (
			);
			dependencies = (
			);
			name = DemoBLE;
			productName = DemoBLE;
			productReference = C92A21DB25073FF90088C2ED /* DemoBLE.app */;
			productType = "com.apple.product-type.application";
		};
/* End PBXNativeTarget section */

/* Begin PBXProject section */
		C92A21D325073FF90088C2ED /* Project object */ = {
			isa = PBXProject;
			attributes = {
				LastSwiftUpdateCheck = 1170;
				LastUpgradeCheck = 1170;
				ORGANIZATIONNAME = vu.thanh.long;
				TargetAttributes = {
					C92A21DA25073FF90088C2ED = {
						CreatedOnToolsVersion = 11.7;
					};
				};
			};
			buildConfigurationList = C92A21D625073FF90088C2ED /* Build configuration list for PBXProject "DemoBLE" */;
			compatibilityVersion = "Xcode 9.3";
			developmentRegion = en;
			hasScannedForEncodings = 0;
			knownRegions = (
				en,
				Base,
			);
			mainGroup = C92A21D225073FF90088C2ED;
			productRefGroup = C92A21DC25073FF90088C2ED /* Products */;
			projectDirPath = "";
			projectRoot = "";
			targets = (
				C92A21DA25073FF90088C2ED /* DemoBLE */,
			);
		};
/* End PBXProject section */

/* Begin PBXResourcesBuildPhase section */
		C92A21D925073FF90088C2ED /* Resources */ = {
			isa = PBXResourcesBuildPhase;
			buildActionMask = 2147483647;
			files = (
				C92A21EB25073FFC0088C2ED /* LaunchScreen.storyboard in Resources */,
				C92A21E825073FFC0088C2ED /* Assets.xcassets in Resources */,
				C92A21E625073FF90088C2ED /* Main.storyboard in Resources */,
			);
			runOnlyForDeploymentPostprocessing = 0;
		};
/* End PBXResourcesBuildPhase section */

/* Begin PBXSourcesBuildPhase section */
		C92A21D725073FF90088C2ED /* Sources */ = {
			isa = PBXSourcesBuildPhase;
			buildActionMask = 2147483647;
			files = (
				C9C380B5250759E9002658D9 /* TransferService.swift in Sources */,
				C92A21E325073FF90088C2ED /* CentralViewController.swift in Sources */,
				C92A21F32507404F0088C2ED /* PeripheralViewController.swift in Sources */,
				C92A21F5250741A30088C2ED /* ViewController.swift in Sources */,
				C92A21DF25073FF90088C2ED /* AppDelegate.swift in Sources */,
			);
			runOnlyForDeploymentPostprocessing = 0;
		};
/* End PBXSourcesBuildPhase section */

/* Begin PBXVariantGroup section */
		C92A21E425073FF90088C2ED /* Main.storyboard */ = {
			isa = PBXVariantGroup;
			children = (
				C92A21E525073FF90088C2ED /* Base */,
			);
			name = Main.storyboard;
			sourceTree = "<group>";
		};
		C92A21E925073FFC0088C2ED /* LaunchScreen.storyboard */ = {
			isa = PBXVariantGroup;
			children = (
				C92A21EA25073FFC0088C2ED /* Base */,
			);
			name = LaunchScreen.storyboard;
			sourceTree = "<group>";
		};
/* End PBXVariantGroup section */

/* Begin XCBuildConfiguration section */
		C92A21ED25073FFC0088C2ED /* Debug */ = {
			isa = XCBuildConfiguration;
			buildSettings = {
				ALWAYS_SEARCH_USER_PATHS = NO;
				CLANG_ANALYZER_NONNULL = YES;
				CLANG_ANALYZER_NUMBER_OBJECT_CONVERSION = YES_AGGRESSIVE;
				CLANG_CXX_LANGUAGE_STANDARD = "gnu++14";
				CLANG_CXX_LIBRARY = "libc++";
				CLANG_ENABLE_MODULES = YES;
				CLANG_ENABLE_OBJC_ARC = YES;
				CLANG_ENABLE_OBJC_WEAK = YES;
				CLANG_WARN_BLOCK_CAPTURE_AUTORELEASING = YES;
				CLANG_WARN_BOOL_CONVERSION = YES;
				CLANG_WARN_COMMA = YES;
				CLANG_WARN_CONSTANT_CONVERSION = YES;
				CLANG_WARN_DEPRECATED_OBJC_IMPLEMENTATIONS = YES;
				CLANG_WARN_DIRECT_OBJC_ISA_USAGE = YES_ERROR;
				CLANG_WARN_DOCUMENTATION_COMMENTS = YES;
				CLANG_WARN_EMPTY_BODY = YES;
				CLANG_WARN_ENUM_CONVERSION = YES;
				CLANG_WARN_INFINITE_RECURSION = YES;
				CLANG_WARN_INT_CONVERSION = YES;
				CLANG_WARN_NON_LITERAL_NULL_CONVERSION = YES;
				CLANG_WARN_OBJC_IMPLICIT_RETAIN_SELF = YES;
				CLANG_WARN_OBJC_LITERAL_CONVERSION = YES;
				CLANG_WARN_OBJC_ROOT_CLASS = YES_ERROR;
				CLANG_WARN_RANGE_LOOP_ANALYSIS = YES;
				CLANG_WARN_STRICT_PROTOTYPES = YES;
				CLANG_WARN_SUSPICIOUS_MOVE = YES;
				CLANG_WARN_UNGUARDED_AVAILABILITY = YES_AGGRESSIVE;
				CLANG_WARN_UNREACHABLE_CODE = YES;
				CLANG_WARN__DUPLICATE_METHOD_MATCH = YES;
				COPY_PHASE_STRIP = NO;
				DEBUG_INFORMATION_FORMAT = dwarf;
				ENABLE_STRICT_OBJC_MSGSEND = YES;
				ENABLE_TESTABILITY = YES;
				GCC_C_LANGUAGE_STANDARD = gnu11;
				GCC_DYNAMIC_NO_PIC = NO;
				GCC_NO_COMMON_BLOCKS = YES;
				GCC_OPTIMIZATION_LEVEL = 0;
				GCC_PREPROCESSOR_DEFINITIONS = (
					"DEBUG=1",
					"$(inherited)",
				);
				GCC_WARN_64_TO_32_BIT_CONVERSION = YES;
				GCC_WARN_ABOUT_RETURN_TYPE = YES_ERROR;
				GCC_WARN_UNDECLARED_SELECTOR = YES;
				GCC_WARN_UNINITIALIZED_AUTOS = YES_AGGRESSIVE;
				GCC_WARN_UNUSED_FUNCTION = YES;
				GCC_WARN_UNUSED_VARIABLE = YES;
				IPHONEOS_DEPLOYMENT_TARGET = 13.7;
				MTL_ENABLE_DEBUG_INFO = INCLUDE_SOURCE;
				MTL_FAST_MATH = YES;
				ONLY_ACTIVE_ARCH = YES;
				SDKROOT = iphoneos;
				SWIFT_ACTIVE_COMPILATION_CONDITIONS = DEBUG;
				SWIFT_OPTIMIZATION_LEVEL = "-Onone";
			};
			name = Debug;
		};
		C92A21EE25073FFC0088C2ED /* Release */ = {
			isa = XCBuildConfiguration;
			buildSettings = {
				ALWAYS_SEARCH_USER_PATHS = NO;
				CLANG_ANALYZER_NONNULL = YES;
				CLANG_ANALYZER_NUMBER_OBJECT_CONVERSION = YES_AGGRESSIVE;
				CLANG_CXX_LANGUAGE_STANDARD = "gnu++14";
				CLANG_CXX_LIBRARY = "libc++";
				CLANG_ENABLE_MODULES = YES;
				CLANG_ENABLE_OBJC_ARC = YES;
				CLANG_ENABLE_OBJC_WEAK = YES;
				CLANG_WARN_BLOCK_CAPTURE_AUTORELEASING = YES;
				CLANG_WARN_BOOL_CONVERSION = YES;
				CLANG_WARN_COMMA = YES;
				CLANG_WARN_CONSTANT_CONVERSION = YES;
				CLANG_WARN_DEPRECATED_OBJC_IMPLEMENTATIONS = YES;
				CLANG_WARN_DIRECT_OBJC_ISA_USAGE = YES_ERROR;
				CLANG_WARN_DOCUMENTATION_COMMENTS = YES;
				CLANG_WARN_EMPTY_BODY = YES;
				CLANG_WARN_ENUM_CONVERSION = YES;
				CLANG_WARN_INFINITE_RECURSION = YES;
				CLANG_WARN_INT_CONVERSION = YES;
				CLANG_WARN_NON_LITERAL_NULL_CONVERSION = YES;
				CLANG_WARN_OBJC_IMPLICIT_RETAIN_SELF = YES;
				CLANG_WARN_OBJC_LITERAL_CONVERSION = YES;
				CLANG_WARN_OBJC_ROOT_CLASS = YES_ERROR;
				CLANG_WARN_RANGE_LOOP_ANALYSIS = YES;
				CLANG_WARN_STRICT_PROTOTYPES = YES;
				CLANG_WARN_SUSPICIOUS_MOVE = YES;
				CLANG_WARN_UNGUARDED_AVAILABILITY = YES_AGGRESSIVE;
				CLANG_WARN_UNREACHABLE_CODE = YES;
				CLANG_WARN__DUPLICATE_METHOD_MATCH = YES;
				COPY_PHASE_STRIP = NO;
				DEBUG_INFORMATION_FORMAT = "dwarf-with-dsym";
				ENABLE_NS_ASSERTIONS = NO;
				ENABLE_STRICT_OBJC_MSGSEND = YES;
				GCC_C_LANGUAGE_STANDARD = gnu11;
				GCC_NO_COMMON_BLOCKS = YES;
				GCC_WARN_64_TO_32_BIT_CONVERSION = YES;
				GCC_WARN_ABOUT_RETURN_TYPE = YES_ERROR;
				GCC_WARN_UNDECLARED_SELECTOR = YES;
				GCC_WARN_UNINITIALIZED_AUTOS = YES_AGGRESSIVE;
				GCC_WARN_UNUSED_FUNCTION = YES;
				GCC_WARN_UNUSED_VARIABLE = YES;
				IPHONEOS_DEPLOYMENT_TARGET = 13.7;
				MTL_ENABLE_DEBUG_INFO = NO;
				MTL_FAST_MATH = YES;
				SDKROOT = iphoneos;
				SWIFT_COMPILATION_MODE = wholemodule;
				SWIFT_OPTIMIZATION_LEVEL = "-O";
				VALIDATE_PRODUCT = YES;
			};
			name = Release;
		};
		C92A21F025073FFC0088C2ED /* Debug */ = {
			isa = XCBuildConfiguration;
			buildSettings = {
				ASSETCATALOG_COMPILER_APPICON_NAME = AppIcon;
				CODE_SIGN_STYLE = Automatic;
				DEVELOPMENT_TEAM = MUXTYRF9J4;
				INFOPLIST_FILE = DemoBLE/Info.plist;
				IPHONEOS_DEPLOYMENT_TARGET = 11.0;
				LD_RUNPATH_SEARCH_PATHS = (
					"$(inherited)",
					"@executable_path/Frameworks",
				);
				PRODUCT_BUNDLE_IDENTIFIER = Longvu.DemoBLE;
				PRODUCT_NAME = "$(TARGET_NAME)";
				SWIFT_VERSION = 5.0;
				TARGETED_DEVICE_FAMILY = "1,2";
			};
			name = Debug;
		};
		C92A21F125073FFC0088C2ED /* Release */ = {
			isa = XCBuildConfiguration;
			buildSettings = {
				ASSETCATALOG_COMPILER_APPICON_NAME = AppIcon;
				CODE_SIGN_STYLE = Automatic;
				DEVELOPMENT_TEAM = MUXTYRF9J4;
				INFOPLIST_FILE = DemoBLE/Info.plist;
				IPHONEOS_DEPLOYMENT_TARGET = 11.0;
				LD_RUNPATH_SEARCH_PATHS = (
					"$(inherited)",
					"@executable_path/Frameworks",
				);
				PRODUCT_BUNDLE_IDENTIFIER = Longvu.DemoBLE;
				PRODUCT_NAME = "$(TARGET_NAME)";
				SWIFT_VERSION = 5.0;
				TARGETED_DEVICE_FAMILY = "1,2";
			};
			name = Release;
		};
/* End XCBuildConfiguration section */

/* Begin XCConfigurationList section */
		C92A21D625073FF90088C2ED /* Build configuration list for PBXProject "DemoBLE" */ = {
			isa = XCConfigurationList;
			buildConfigurations = (
				C92A21ED25073FFC0088C2ED /* Debug */,
				C92A21EE25073FFC0088C2ED /* Release */,
			);
			defaultConfigurationIsVisible = 0;
			defaultConfigurationName = Release;
		};
		C92A21EF25073FFC0088C2ED /* Build configuration list for PBXNativeTarget "DemoBLE" */ = {
			isa = XCConfigurationList;
			buildConfigurations = (
				C92A21F025073FFC0088C2ED /* Debug */,
				C92A21F125073FFC0088C2ED /* Release */,
			);
			defaultConfigurationIsVisible = 0;
			defaultConfigurationName = Release;
		};
/* End XCConfigurationList section */
	};
	rootObject = C92A21D325073FF90088C2ED /* Project object */;
}
